// !$*UTF8*$!
{
	archiveVersion = 1;
	classes = {
	};
	objectVersion = 50;
	objects = {

/* Begin PBXBuildFile section */
		9033EDDE21949134002C550F /* AppDelegate.m in Sources */ = {isa = PBXBuildFile; fileRef = 9033EDDD21949134002C550F /* AppDelegate.m */; };
		9033EDE121949134002C550F /* ViewController.m in Sources */ = {isa = PBXBuildFile; fileRef = 9033EDE021949134002C550F /* ViewController.m */; };
		9033EDE421949134002C550F /* Main.storyboard in Resources */ = {isa = PBXBuildFile; fileRef = 9033EDE221949134002C550F /* Main.storyboard */; };
		9033EDE621949137002C550F /* Assets.xcassets in Resources */ = {isa = PBXBuildFile; fileRef = 9033EDE521949137002C550F /* Assets.xcassets */; };
		9033EDE921949137002C550F /* LaunchScreen.storyboard in Resources */ = {isa = PBXBuildFile; fileRef = 9033EDE721949137002C550F /* LaunchScreen.storyboard */; };
		9033EDEC21949137002C550F /* main.m in Sources */ = {isa = PBXBuildFile; fileRef = 9033EDEB21949137002C550F /* main.m */; };
		9033EDF621949137002C550F /* oneoneTests.m in Sources */ = {isa = PBXBuildFile; fileRef = 9033EDF521949137002C550F /* oneoneTests.m */; };
		9033EE0121949137002C550F /* oneoneUITests.m in Sources */ = {isa = PBXBuildFile; fileRef = 9033EE0021949137002C550F /* oneoneUITests.m */; };
/* End PBXBuildFile section */

/* Begin PBXContainerItemProxy section */
		9033EDF221949137002C550F /* PBXContainerItemProxy */ = {
			isa = PBXContainerItemProxy;
			containerPortal = 9033EDD121949134002C550F /* Project object */;
			proxyType = 1;
			remoteGlobalIDString = 9033EDD821949134002C550F;
			remoteInfo = oneone;
		};
		9033EDFD21949137002C550F /* PBXContainerItemProxy */ = {
			isa = PBXContainerItemProxy;
			containerPortal = 9033EDD121949134002C550F /* Project object */;
			proxyType = 1;
			remoteGlobalIDString = 9033EDD821949134002C550F;
			remoteInfo = oneone;
		};
/* End PBXContainerItemProxy section */

/* Begin PBXFileReference section */
		9033EDD921949134002C550F /* oneone.app */ = {isa = PBXFileReference; explicitFileType = wrapper.application; includeInIndex = 0; path = oneone.app; sourceTree = BUILT_PRODUCTS_DIR; };
		9033EDDC21949134002C550F /* AppDelegate.h */ = {isa = PBXFileReference; lastKnownFileType = sourcecode.c.h; path = AppDelegate.h; sourceTree = "<group>"; };
		9033EDDD21949134002C550F /* AppDelegate.m */ = {isa = PBXFileReference; lastKnownFileType = sourcecode.c.objc; path = AppDelegate.m; sourceTree = "<group>"; };
		9033EDDF21949134002C550F /* ViewController.h */ = {isa = PBXFileReference; lastKnownFileType = sourcecode.c.h; path = ViewController.h; sourceTree = "<group>"; };
		9033EDE021949134002C550F /* ViewController.m */ = {isa = PBXFileReference; lastKnownFileType = sourcecode.c.objc; path = ViewController.m; sourceTree = "<group>"; };
		9033EDE321949134002C550F /* Base */ = {isa = PBXFileReference; lastKnownFileType = file.storyboard; name = Base; path = Base.lproj/Main.storyboard; sourceTree = "<group>"; };
		9033EDE521949137002C550F /* Assets.xcassets */ = {isa = PBXFileReference; lastKnownFileType = folder.assetcatalog; path = Assets.xcassets; sourceTree = "<group>"; };
		9033EDE821949137002C550F /* Base */ = {isa = PBXFileReference; lastKnownFileType = file.storyboard; name = Base; path = Base.lproj/LaunchScreen.storyboard; sourceTree = "<group>"; };
		9033EDEA21949137002C550F /* Info.plist */ = {isa = PBXFileReference; lastKnownFileType = text.plist.xml; path = Info.plist; sourceTree = "<group>"; };
		9033EDEB21949137002C550F /* main.m */ = {isa = PBXFileReference; lastKnownFileType = sourcecode.c.objc; path = main.m; sourceTree = "<group>"; };
		9033EDF121949137002C550F /* oneoneTests.xctest */ = {isa = PBXFileReference; explicitFileType = wrapper.cfbundle; includeInIndex = 0; path = oneoneTests.xctest; sourceTree = BUILT_PRODUCTS_DIR; };
		9033EDF521949137002C550F /* oneoneTests.m */ = {isa = PBXFileReference; lastKnownFileType = sourcecode.c.objc; path = oneoneTests.m; sourceTree = "<group>"; };
		9033EDF721949137002C550F /* Info.plist */ = {isa = PBXFileReference; lastKnownFileType = text.plist.xml; path = Info.plist; sourceTree = "<group>"; };
		9033EDFC21949137002C550F /* oneoneUITests.xctest */ = {isa = PBXFileReference; explicitFileType = wrapper.cfbundle; includeInIndex = 0; path = oneoneUITests.xctest; sourceTree = BUILT_PRODUCTS_DIR; };
		9033EE0021949137002C550F /* oneoneUITests.m */ = {isa = PBXFileReference; lastKnownFileType = sourcecode.c.objc; path = oneoneUITests.m; sourceTree = "<group>"; };
		9033EE0221949137002C550F /* Info.plist */ = {isa = PBXFileReference; lastKnownFileType = text.plist.xml; path = Info.plist; sourceTree = "<group>"; };
/* End PBXFileReference section */

/* Begin PBXFrameworksBuildPhase section */
		9033EDD621949134002C550F /* Frameworks */ = {
			isa = PBXFrameworksBuildPhase;
			buildActionMask = 2147483647;
			files = (
			);
			runOnlyForDeploymentPostprocessing = 0;
		};
		9033EDEE21949137002C550F /* Frameworks */ = {
			isa = PBXFrameworksBuildPhase;
			buildActionMask = 2147483647;
			files = (
			);
			runOnlyForDeploymentPostprocessing = 0;
		};
		9033EDF921949137002C550F /* Frameworks */ = {
			isa = PBXFrameworksBuildPhase;
			buildActionMask = 2147483647;
			files = (
			);
			runOnlyForDeploymentPostprocessing = 0;
		};
/* End PBXFrameworksBuildPhase section */

/* Begin PBXGroup section */
		9033EDD021949134002C550F = {
			isa = PBXGroup;
			children = (
				9033EDDB21949134002C550F /* oneone */,
				9033EDF421949137002C550F /* oneoneTests */,
				9033EDFF21949137002C550F /* oneoneUITests */,
				9033EDDA21949134002C550F /* Products */,
			);
			sourceTree = "<group>";
		};
		9033EDDA21949134002C550F /* Products */ = {
			isa = PBXGroup;
			children = (
				9033EDD921949134002C550F /* oneone.app */,
				9033EDF121949137002C550F /* oneoneTests.xctest */,
				9033EDFC21949137002C550F /* oneoneUITests.xctest */,
			);
			name = Products;
			sourceTree = "<group>";
		};
		9033EDDB21949134002C550F /* oneone */ = {
			isa = PBXGroup;
			children = (
				9033EDDC21949134002C550F /* AppDelegate.h */,
				9033EDDD21949134002C550F /* AppDelegate.m */,
				9033EDDF21949134002C550F /* ViewController.h */,
				9033EDE021949134002C550F /* ViewController.m */,
				9033EDE221949134002C550F /* Main.storyboard */,
				9033EDE521949137002C550F /* Assets.xcassets */,
				9033EDE721949137002C550F /* LaunchScreen.storyboard */,
				9033EDEA21949137002C550F /* Info.plist */,
				9033EDEB21949137002C550F /* main.m */,
			);
			path = oneone;
			sourceTree = "<group>";
		};
		9033EDF421949137002C550F /* oneoneTests */ = {
			isa = PBXGroup;
			children = (
				9033EDF521949137002C550F /* oneoneTests.m */,
				9033EDF721949137002C550F /* Info.plist */,
			);
			path = oneoneTests;
			sourceTree = "<group>";
		};
		9033EDFF21949137002C550F /* oneoneUITests */ = {
			isa = PBXGroup;
			children = (
				9033EE0021949137002C550F /* oneoneUITests.m */,
				9033EE0221949137002C550F /* Info.plist */,
			);
			path = oneoneUITests;
			sourceTree = "<group>";
		};
/* End PBXGroup section */

/* Begin PBXNativeTarget section */
		9033EDD821949134002C550F /* oneone */ = {
			isa = PBXNativeTarget;
			buildConfigurationList = 9033EE0521949137002C550F /* Build configuration list for PBXNativeTarget "oneone" */;
			buildPhases = (
				9033EDD521949134002C550F /* Sources */,
				9033EDD621949134002C550F /* Frameworks */,
				9033EDD721949134002C550F /* Resources */,
			);
			buildRules = (
			);
			dependencies = (
			);
			name = oneone;
			productName = oneone;
			productReference = 9033EDD921949134002C550F /* oneone.app */;
			productType = "com.apple.product-type.application";
		};
		9033EDF021949137002C550F /* oneoneTests */ = {
			isa = PBXNativeTarget;
			buildConfigurationList = 9033EE0821949137002C550F /* Build configuration list for PBXNativeTarget "oneoneTests" */;
			buildPhases = (
				9033EDED21949137002C550F /* Sources */,
				9033EDEE21949137002C550F /* Frameworks */,
				9033EDEF21949137002C550F /* Resources */,
			);
			buildRules = (
			);
			dependencies = (
				9033EDF321949137002C550F /* PBXTargetDependency */,
			);
			name = oneoneTests;
			productName = oneoneTests;
			productReference = 9033EDF121949137002C550F /* oneoneTests.xctest */;
			productType = "com.apple.product-type.bundle.unit-test";
		};
		9033EDFB21949137002C550F /* oneoneUITests */ = {
			isa = PBXNativeTarget;
			buildConfigurationList = 9033EE0B21949137002C550F /* Build configuration list for PBXNativeTarget "oneoneUITests" */;
			buildPhases = (
				9033EDF821949137002C550F /* Sources */,
				9033EDF921949137002C550F /* Frameworks */,
				9033EDFA21949137002C550F /* Resources */,
			);
			buildRules = (
			);
			dependencies = (
				9033EDFE21949137002C550F /* PBXTargetDependency */,
			);
			name = oneoneUITests;
			productName = oneoneUITests;
			productReference = 9033EDFC21949137002C550F /* oneoneUITests.xctest */;
			productType = "com.apple.product-type.bundle.ui-testing";
		};
/* End PBXNativeTarget section */

/* Begin PBXProject section */
		9033EDD121949134002C550F /* Project object */ = {
			isa = PBXProject;
			attributes = {
				LastUpgradeCheck = 0940;
				ORGANIZATIONNAME = zywulian;
				TargetAttributes = {
					9033EDD821949134002C550F = {
						CreatedOnToolsVersion = 9.4.1;
					};
					9033EDF021949137002C550F = {
						CreatedOnToolsVersion = 9.4.1;
						TestTargetID = 9033EDD821949134002C550F;
					};
					9033EDFB21949137002C550F = {
						CreatedOnToolsVersion = 9.4.1;
						TestTargetID = 9033EDD821949134002C550F;
					};
				};
			};
			buildConfigurationList = 9033EDD421949134002C550F /* Build configuration list for PBXProject "oneone" */;
			compatibilityVersion = "Xcode 9.3";
			developmentRegion = en;
			hasScannedForEncodings = 0;
			knownRegions = (
				en,
				Base,
			);
			mainGroup = 9033EDD021949134002C550F;
			productRefGroup = 9033EDDA21949134002C550F /* Products */;
			projectDirPath = "";
			projectRoot = "";
			targets = (
				9033EDD821949134002C550F /* oneone */,
				9033EDF021949137002C550F /* oneoneTests */,
				9033EDFB21949137002C550F /* oneoneUITests */,
			);
		};
/* End PBXProject section */

/* Begin PBXResourcesBuildPhase section */
		9033EDD721949134002C550F /* Resources */ = {
			isa = PBXResourcesBuildPhase;
			buildActionMask = 2147483647;
			files = (
				9033EDE921949137002C550F /* LaunchScreen.storyboard in Resources */,
				9033EDE621949137002C550F /* Assets.xcassets in Resources */,
				9033EDE421949134002C550F /* Main.storyboard in Resources */,
			);
			runOnlyForDeploymentPostprocessing = 0;
		};
		9033EDEF21949137002C550F /* Resources */ = {
			isa = PBXResourcesBuildPhase;
			buildActionMask = 2147483647;
			files = (
			);
			runOnlyForDeploymentPostprocessing = 0;
		};
		9033EDFA21949137002C550F /* Resources */ = {
			isa = PBXResourcesBuildPhase;
			buildActionMask = 2147483647;
			files = (
			);
			runOnlyForDeploymentPostprocessing = 0;
		};
/* End PBXResourcesBuildPhase section */

/* Begin PBXSourcesBuildPhase section */
		9033EDD521949134002C550F /* Sources */ = {
			isa = PBXSourcesBuildPhase;
			buildActionMask = 2147483647;
			files = (
				9033EDE121949134002C550F /* ViewController.m in Sources */,
				9033EDEC21949137002C550F /* main.m in Sources */,
				9033EDDE21949134002C550F /* AppDelegate.m in Sources */,
			);
			runOnlyForDeploymentPostprocessing = 0;
		};
		9033EDED21949137002C550F /* Sources */ = {
			isa = PBXSourcesBuildPhase;
			buildActionMask = 2147483647;
			files = (
				9033EDF621949137002C550F /* oneoneTests.m in Sources */,
			);
			runOnlyForDeploymentPostprocessing = 0;
		};
		9033EDF821949137002C550F /* Sources */ = {
			isa = PBXSourcesBuildPhase;
			buildActionMask = 2147483647;
			files = (
				9033EE0121949137002C550F /* oneoneUITests.m in Sources */,
			);
			runOnlyForDeploymentPostprocessing = 0;
		};
/* End PBXSourcesBuildPhase section */

/* Begin PBXTargetDependency section */
		9033EDF321949137002C550F /* PBXTargetDependency */ = {
			isa = PBXTargetDependency;
			target = 9033EDD821949134002C550F /* oneone */;
			targetProxy = 9033EDF221949137002C550F /* PBXContainerItemProxy */;
		};
		9033EDFE21949137002C550F /* PBXTargetDependency */ = {
			isa = PBXTargetDependency;
			target = 9033EDD821949134002C550F /* oneone */;
			targetProxy = 9033EDFD21949137002C550F /* PBXContainerItemProxy */;
		};
/* End PBXTargetDependency section */

/* Begin PBXVariantGroup section */
		9033EDE221949134002C550F /* Main.storyboard */ = {
			isa = PBXVariantGroup;
			children = (
				9033EDE321949134002C550F /* Base */,
			);
			name = Main.storyboard;
			sourceTree = "<group>";
		};
		9033EDE721949137002C550F /* LaunchScreen.storyboard */ = {
			isa = PBXVariantGroup;
			children = (
				9033EDE821949137002C550F /* Base */,
			);
			name = LaunchScreen.storyboard;
			sourceTree = "<group>";
		};
/* End PBXVariantGroup section */

/* Begin XCBuildConfiguration section */
		9033EE0321949137002C550F /* Debug */ = {
			isa = XCBuildConfiguration;
			buildSettings = {
				ALWAYS_SEARCH_USER_PATHS = NO;
				CLANG_ANALYZER_NONNULL = YES;
				CLANG_ANALYZER_NUMBER_OBJECT_CONVERSION = YES_AGGRESSIVE;
				CLANG_CXX_LANGUAGE_STANDARD = "gnu++14";
				CLANG_CXX_LIBRARY = "libc++";
				CLANG_ENABLE_MODULES = YES;
				CLANG_ENABLE_OBJC_ARC = YES;
				CLANG_ENABLE_OBJC_WEAK = YES;
				CLANG_WARN_BLOCK_CAPTURE_AUTORELEASING = YES;
				CLANG_WARN_BOOL_CONVERSION = YES;
				CLANG_WARN_COMMA = YES;
				CLANG_WARN_CONSTANT_CONVERSION = YES;
				CLANG_WARN_DEPRECATED_OBJC_IMPLEMENTATIONS = YES;
				CLANG_WARN_DIRECT_OBJC_ISA_USAGE = YES_ERROR;
				CLANG_WARN_DOCUMENTATION_COMMENTS = YES;
				CLANG_WARN_EMPTY_BODY = YES;
				CLANG_WARN_ENUM_CONVERSION = YES;
				CLANG_WARN_INFINITE_RECURSION = YES;
				CLANG_WARN_INT_CONVERSION = YES;
				CLANG_WARN_NON_LITERAL_NULL_CONVERSION = YES;
				CLANG_WARN_OBJC_IMPLICIT_RETAIN_SELF = YES;
				CLANG_WARN_OBJC_LITERAL_CONVERSION = YES;
				CLANG_WARN_OBJC_ROOT_CLASS = YES_ERROR;
				CLANG_WARN_RANGE_LOOP_ANALYSIS = YES;
				CLANG_WARN_STRICT_PROTOTYPES = YES;
				CLANG_WARN_SUSPICIOUS_MOVE = YES;
				CLANG_WARN_UNGUARDED_AVAILABILITY = YES_AGGRESSIVE;
				CLANG_WARN_UNREACHABLE_CODE = YES;
				CLANG_WARN__DUPLICATE_METHOD_MATCH = YES;
				CODE_SIGN_IDENTITY = "iPhone Developer";
				COPY_PHASE_STRIP = NO;
				DEBUG_INFORMATION_FORMAT = dwarf;
				ENABLE_STRICT_OBJC_MSGSEND = YES;
				ENABLE_TESTABILITY = YES;
				GCC_C_LANGUAGE_STANDARD = gnu11;
				GCC_DYNAMIC_NO_PIC = NO;
				GCC_NO_COMMON_BLOCKS = YES;
				GCC_OPTIMIZATION_LEVEL = 0;
				GCC_PREPROCESSOR_DEFINITIONS = (
					"DEBUG=1",
					"$(inherited)",
				);
				GCC_WARN_64_TO_32_BIT_CONVERSION = YES;
				GCC_WARN_ABOUT_RETURN_TYPE = YES_ERROR;
				GCC_WARN_UNDECLARED_SELECTOR = YES;
				GCC_WARN_UNINITIALIZED_AUTOS = YES_AGGRESSIVE;
				GCC_WARN_UNUSED_FUNCTION = YES;
				GCC_WARN_UNUSED_VARIABLE = YES;
				IPHONEOS_DEPLOYMENT_TARGET = 11.4;
				MTL_ENABLE_DEBUG_INFO = YES;
				ONLY_ACTIVE_ARCH = YES;
				SDKROOT = iphoneos;
			};
			name = Debug;
		};
		9033EE0421949137002C550F /* Release */ = {
			isa = XCBuildConfiguration;
			buildSettings = {
				ALWAYS_SEARCH_USER_PATHS = NO;
				CLANG_ANALYZER_NONNULL = YES;
				CLANG_ANALYZER_NUMBER_OBJECT_CONVERSION = YES_AGGRESSIVE;
				CLANG_CXX_LANGUAGE_STANDARD = "gnu++14";
				CLANG_CXX_LIBRARY = "libc++";
				CLANG_ENABLE_MODULES = YES;
				CLANG_ENABLE_OBJC_ARC = YES;
				CLANG_ENABLE_OBJC_WEAK = YES;
				CLANG_WARN_BLOCK_CAPTURE_AUTORELEASING = YES;
				CLANG_WARN_BOOL_CONVERSION = YES;
				CLANG_WARN_COMMA = YES;
				CLANG_WARN_CONSTANT_CONVERSION = YES;
				CLANG_WARN_DEPRECATED_OBJC_IMPLEMENTATIONS = YES;
				CLANG_WARN_DIRECT_OBJC_ISA_USAGE = YES_ERROR;
				CLANG_WARN_DOCUMENTATION_COMMENTS = YES;
				CLANG_WARN_EMPTY_BODY = YES;
				CLANG_WARN_ENUM_CONVERSION = YES;
				CLANG_WARN_INFINITE_RECURSION = YES;
				CLANG_WARN_INT_CONVERSION = YES;
				CLANG_WARN_NON_LITERAL_NULL_CONVERSION = YES;
				CLANG_WARN_OBJC_IMPLICIT_RETAIN_SELF = YES;
				CLANG_WARN_OBJC_LITERAL_CONVERSION = YES;
				CLANG_WARN_OBJC_ROOT_CLASS = YES_ERROR;
				CLANG_WARN_RANGE_LOOP_ANALYSIS = YES;
				CLANG_WARN_STRICT_PROTOTYPES = YES;
				CLANG_WARN_SUSPICIOUS_MOVE = YES;
				CLANG_WARN_UNGUARDED_AVAILABILITY = YES_AGGRESSIVE;
				CLANG_WARN_UNREACHABLE_CODE = YES;
				CLANG_WARN__DUPLICATE_METHOD_MATCH = YES;
				CODE_SIGN_IDENTITY = "iPhone Developer";
				COPY_PHASE_STRIP = NO;
				DEBUG_INFORMATION_FORMAT = "dwarf-with-dsym";
				ENABLE_NS_ASSERTIONS = NO;
				ENABLE_STRICT_OBJC_MSGSEND = YES;
				GCC_C_LANGUAGE_STANDARD = gnu11;
				GCC_NO_COMMON_BLOCKS = YES;
				GCC_WARN_64_TO_32_BIT_CONVERSION = YES;
				GCC_WARN_ABOUT_RETURN_TYPE = YES_ERROR;
				GCC_WARN_UNDECLARED_SELECTOR = YES;
				GCC_WARN_UNINITIALIZED_AUTOS = YES_AGGRESSIVE;
				GCC_WARN_UNUSED_FUNCTION = YES;
				GCC_WARN_UNUSED_VARIABLE = YES;
				IPHONEOS_DEPLOYMENT_TARGET = 11.4;
				MTL_ENABLE_DEBUG_INFO = NO;
				SDKROOT = iphoneos;
				VALIDATE_PRODUCT = YES;
			};
			name = Release;
		};
		9033EE0621949137002C550F /* Debug */ = {
			isa = XCBuildConfiguration;
			buildSettings = {
				ASSETCATALOG_COMPILER_APPICON_NAME = AppIcon;
				CODE_SIGN_IDENTITY = "iPhone Developer";
				CODE_SIGN_STYLE = Automatic;
				DEVELOPMENT_TEAM = BXHYDTU89D;
				INFOPLIST_FILE = oneone/Info.plist;
				LD_RUNPATH_SEARCH_PATHS = (
					"$(inherited)",
					"@executable_path/Frameworks",
				);
				PRODUCT_BUNDLE_IDENTIFIER = com.zywulian.smartlife.oneone;
				PRODUCT_NAME = "$(TARGET_NAME)";
				PROVISIONING_PROFILE_SPECIFIER = "";
				TARGETED_DEVICE_FAMILY = "1,2";
			};
			name = Debug;
		};
		9033EE0721949137002C550F /* Release */ = {
			isa = XCBuildConfiguration;
			buildSettings = {
				ASSETCATALOG_COMPILER_APPICON_NAME = AppIcon;
				CODE_SIGN_IDENTITY = "iPhone Developer";
				CODE_SIGN_STYLE = Automatic;
				DEVELOPMENT_TEAM = BXHYDTU89D;
				INFOPLIST_FILE = oneone/Info.plist;
				LD_RUNPATH_SEARCH_PATHS = (
					"$(inherited)",
					"@executable_path/Frameworks",
				);
				PRODUCT_BUNDLE_IDENTIFIER = com.zywulian.smartlife.oneone;
				PRODUCT_NAME = "$(TARGET_NAME)";
				PROVISIONING_PROFILE_SPECIFIER = "";
				TARGETED_DEVICE_FAMILY = "1,2";
			};
			name = Release;
		};
		9033EE0921949137002C550F /* Debug */ = {
			isa = XCBuildConfiguration;
			buildSettings = {
				BUNDLE_LOADER = "$(TEST_HOST)";
				CODE_SIGN_STYLE = Automatic;
				DEVELOPMENT_TEAM = DB976A3594;
				INFOPLIST_FILE = oneoneTests/Info.plist;
				LD_RUNPATH_SEARCH_PATHS = (
					"$(inherited)",
					"@executable_path/Frameworks",
					"@loader_path/Frameworks",
				);
				PRODUCT_BUNDLE_IDENTIFIER = com.zywulian.smartlife.oneoneTests;
				PRODUCT_NAME = "$(TARGET_NAME)";
				TARGETED_DEVICE_FAMILY = "1,2";
				TEST_HOST = "$(BUILT_PRODUCTS_DIR)/oneone.app/oneone";
			};
			name = Debug;
		};
		9033EE0A21949137002C550F /* Release */ = {
			isa = XCBuildConfiguration;
			buildSettings = {
				BUNDLE_LOADER = "$(TEST_HOST)";
				CODE_SIGN_STYLE = Automatic;
				DEVELOPMENT_TEAM = DB976A3594;
				INFOPLIST_FILE = oneoneTests/Info.plist;
				LD_RUNPATH_SEARCH_PATHS = (
					"$(inherited)",
					"@executable_path/Frameworks",
					"@loader_path/Frameworks",
				);
				PRODUCT_BUNDLE_IDENTIFIER = com.zywulian.smartlife.oneoneTests;
				PRODUCT_NAME = "$(TARGET_NAME)";
				TARGETED_DEVICE_FAMILY = "1,2";
				TEST_HOST = "$(BUILT_PRODUCTS_DIR)/oneone.app/oneone";
			};
			name = Release;
		};
		9033EE0C21949137002C550F /* Debug */ = {
			isa = XCBuildConfiguration;
			buildSettings = {
				CODE_SIGN_STYLE = Automatic;
				DEVELOPMENT_TEAM = DB976A3594;
				INFOPLIST_FILE = oneoneUITests/Info.plist;
				LD_RUNPATH_SEARCH_PATHS = (
					"$(inherited)",
					"@executable_path/Frameworks",
					"@loader_path/Frameworks",
				);
				PRODUCT_BUNDLE_IDENTIFIER = com.zywulian.smartlife.oneoneUITests;
				PRODUCT_NAME = "$(TARGET_NAME)";
				TARGETED_DEVICE_FAMILY = "1,2";
				TEST_TARGET_NAME = oneone;
			};
			name = Debug;
		};
		9033EE0D21949137002C550F /* Release */ = {
			isa = XCBuildConfiguration;
			buildSettings = {
				CODE_SIGN_STYLE = Automatic;
				DEVELOPMENT_TEAM = DB976A3594;
				INFOPLIST_FILE = oneoneUITests/Info.plist;
				LD_RUNPATH_SEARCH_PATHS = (
					"$(inherited)",
					"@executable_path/Frameworks",
					"@loader_path/Frameworks",
				);
				PRODUCT_BUNDLE_IDENTIFIER = com.zywulian.smartlife.oneoneUITests;
				PRODUCT_NAME = "$(TARGET_NAME)";
				TARGETED_DEVICE_FAMILY = "1,2";
				TEST_TARGET_NAME = oneone;
			};
			name = Release;
		};
/* End XCBuildConfiguration section */

/* Begin XCConfigurationList section */
		9033EDD421949134002C550F /* Build configuration list for PBXProject "oneone" */ = {
			isa = XCConfigurationList;
			buildConfigurations = (
				9033EE0321949137002C550F /* Debug */,
				9033EE0421949137002C550F /* Release */,
			);
			defaultConfigurationIsVisible = 0;
			defaultConfigurationName = Release;
		};
		9033EE0521949137002C550F /* Build configuration list for PBXNativeTarget "oneone" */ = {
			isa = XCConfigurationList;
			buildConfigurations = (
				9033EE0621949137002C550F /* Debug */,
				9033EE0721949137002C550F /* Release */,
			);
			defaultConfigurationIsVisible = 0;
			defaultConfigurationName = Release;
		};
		9033EE0821949137002C550F /* Build configuration list for PBXNativeTarget "oneoneTests" */ = {
			isa = XCConfigurationList;
			buildConfigurations = (
				9033EE0921949137002C550F /* Debug */,
				9033EE0A21949137002C550F /* Release */,
			);
			defaultConfigurationIsVisible = 0;
			defaultConfigurationName = Release;
		};
		9033EE0B21949137002C550F /* Build configuration list for PBXNativeTarget "oneoneUITests" */ = {
			isa = XCConfigurationList;
			buildConfigurations = (
				9033EE0C21949137002C550F /* Debug */,
				9033EE0D21949137002C550F /* Release */,
			);
			defaultConfigurationIsVisible = 0;
			defaultConfigurationName = Release;
		};
/* End XCConfigurationList section */
	};
	rootObject = 9033EDD121949134002C550F /* Project object */;
}
